
Microsoft Visual Studio Solution File, Format Version 12.00
# Visual Studio 15
VisualStudioVersion = 15.0.28307.489
MinimumVisualStudioVersion = 10.0.40219.1
Project("{FAE04EC0-301F-11D3-BF4B-00C04F79EFBC}") = "Events_AL", "Events_AL\Events_AL.csproj", "{019A2673-3D98-47A8-BB72-9E92BBDCE6EF}"
EndProject
Project("{FAE04EC0-301F-11D3-BF4B-00C04F79EFBC}") = "Task_Track_AL", "Task_Track_AL\Task_Track_AL.csproj", "{8095D9B5-2BAB-48B6-B8D9-3862BC75B262}"
EndProject
Global
	GlobalSection(SolutionConfigurationPlatforms) = preSolution
		Debug|Any CPU = Debug|Any CPU
		Release|Any CPU = Release|Any CPU
	EndGlobalSection
	GlobalSection(ProjectConfigurationPlatforms) = postSolution
		{019A2673-3D98-47A8-BB72-9E92BBDCE6EF}.Debug|Any CPU.ActiveCfg = Debug|Any CPU
		{019A2673-3D98-47A8-BB72-9E92BBDCE6EF}.Debug|Any CPU.Build.0 = Debug|Any CPU
		{019A2673-3D98-47A8-BB72-9E92BBDCE6EF}.Release|Any CPU.ActiveCfg = Release|Any CPU
		{019A2673-3D98-47A8-BB72-9E92BBDCE6EF}.Release|Any CPU.Build.0 = Release|Any CPU
		{8095D9B5-2BAB-48B6-B8D9-3862BC75B262}.Debug|Any CPU.ActiveCfg = Debug|Any CPU
		{8095D9B5-2BAB-48B6-B8D9-3862BC75B262}.Debug|Any CPU.Build.0 = Debug|Any CPU
		{8095D9B5-2BAB-48B6-B8D9-3862BC75B262}.Release|Any CPU.ActiveCfg = Release|Any CPU
		{8095D9B5-2BAB-48B6-B8D9-3862BC75B262}.Release|Any CPU.Build.0 = Release|Any CPU
	EndGlobalSection
	GlobalSection(SolutionProperties) = preSolution
		HideSolutionNode = FALSE
	EndGlobalSection
	GlobalSection(ExtensibilityGlobals) = postSolution
		SolutionGuid = {D9C30827-ACE8-43F5-8D48-D016EED1267C}
	EndGlobalSection
EndGlobal
